
Microsoft Visual Studio Solution File, Format Version 12.00
# Visual Studio 2012
Project("{FAE04EC0-301F-11D3-BF4B-00C04F79EFBC}") = "MailMover", "MailMover\MailMover.csproj", "{3FCA71D9-5AC6-4C9F-B333-8BFABE3595DA}"
EndProject
Global
	GlobalSection(SolutionConfigurationPlatforms) = preSolution
		Debug|Any CPU = Debug|Any CPU
		Release|Any CPU = Release|Any CPU
	EndGlobalSection
	GlobalSection(ProjectConfigurationPlatforms) = postSolution
		{3FCA71D9-5AC6-4C9F-B333-8BFABE3595DA}.Debug|Any CPU.ActiveCfg = Debug|Any CPU
		{3FCA71D9-5AC6-4C9F-B333-8BFABE3595DA}.Debug|Any CPU.Build.0 = Debug|Any CPU
		{3FCA71D9-5AC6-4C9F-B333-8BFABE3595DA}.Release|Any CPU.ActiveCfg = Release|Any CPU
		{3FCA71D9-5AC6-4C9F-B333-8BFABE3595DA}.Release|Any CPU.Build.0 = Release|Any CPU
	EndGlobalSection
	GlobalSection(SolutionProperties) = preSolution
		HideSolutionNode = FALSE
	EndGlobalSection
EndGlobal
